
Microsoft Visual Studio Solution File, Format Version 12.00
# Visual Studio Version 16
VisualStudioVersion = 16.0.30114.105
MinimumVisualStudioVersion = 10.0.40219.1
Project("{2150E333-8FDC-42A3-9474-1A3956D46DE8}") = "folder1", "folder1", "{E851EB96-99BD-4AC9-B09F-B3C53A9E497B}"
EndProject
Project("{2150E333-8FDC-42A3-9474-1A3956D46DE8}") = "folder2", "folder2", "{5F94DE82-615F-4A80-B137-E48086620D3C}"
EndProject
Project("{FAE04EC0-301F-11D3-BF4B-00C04F79EFBC}") = "myapp", "folder1\folder2\myapp\myapp.csproj", "{8FACA741-A32B-4701-A27B-975F21FDD0B5}"
EndProject
Global
	GlobalSection(SolutionConfigurationPlatforms) = preSolution
		Debug|Any CPU = Debug|Any CPU
		Release|Any CPU = Release|Any CPU
	EndGlobalSection
	GlobalSection(SolutionProperties) = preSolution
		HideSolutionNode = FALSE
	EndGlobalSection
	GlobalSection(ProjectConfigurationPlatforms) = postSolution
		{8FACA741-A32B-4701-A27B-975F21FDD0B5}.Debug|Any CPU.ActiveCfg = Debug|Any CPU
		{8FACA741-A32B-4701-A27B-975F21FDD0B5}.Debug|Any CPU.Build.0 = Debug|Any CPU
		{8FACA741-A32B-4701-A27B-975F21FDD0B5}.Release|Any CPU.ActiveCfg = Release|Any CPU
		{8FACA741-A32B-4701-A27B-975F21FDD0B5}.Release|Any CPU.Build.0 = Release|Any CPU
	EndGlobalSection
	GlobalSection(NestedProjects) = preSolution
		{5F94DE82-615F-4A80-B137-E48086620D3C} = {E851EB96-99BD-4AC9-B09F-B3C53A9E497B}
		{8FACA741-A32B-4701-A27B-975F21FDD0B5} = {5F94DE82-615F-4A80-B137-E48086620D3C}
	EndGlobalSection
EndGlobal
